
Microsoft Visual Studio Solution File, Format Version 12.00
# Visual Studio Version 17
VisualStudioVersion = 17.13.35825.156 d17.13
MinimumVisualStudioVersion = 10.0.40219.1
Project("{FAE04EC0-301F-11D3-BF4B-00C04F79EFBC}") = "TextRPG", "TextRPG\TextRPG.csproj", "{F8B50086-B6E7-430F-8FD0-41052E128ABC}"
EndProject
Global
	GlobalSection(SolutionConfigurationPlatforms) = preSolution
		Debug|Any CPU = Debug|Any CPU
		Release|Any CPU = Release|Any CPU
	EndGlobalSection
	GlobalSection(ProjectConfigurationPlatforms) = postSolution
		{F8B50086-B6E7-430F-8FD0-41052E128ABC}.Debug|Any CPU.ActiveCfg = Debug|Any CPU
		{F8B50086-B6E7-430F-8FD0-41052E128ABC}.Debug|Any CPU.Build.0 = Debug|Any CPU
		{F8B50086-B6E7-430F-8FD0-41052E128ABC}.Release|Any CPU.ActiveCfg = Release|Any CPU
		{F8B50086-B6E7-430F-8FD0-41052E128ABC}.Release|Any CPU.Build.0 = Release|Any CPU
	EndGlobalSection
	GlobalSection(SolutionProperties) = preSolution
		HideSolutionNode = FALSE
	EndGlobalSection
	GlobalSection(ExtensibilityGlobals) = postSolution
		SolutionGuid = {336099A0-6797-4249-BFAC-56FE2ACFFA42}
	EndGlobalSection
EndGlobal
